{
  "name": "miniprogram",
  "lockfileVersion": 2,
  "requires": true,
  "packages": {
    "": {
      "dependencies": {
        "@cloudbase/wx-cloud-client-sdk": "^1.2.1"
      }
    },
    "node_modules/@cloudbase/wx-cloud-client-sdk": {
      "version": "1.2.1",
      "resolved": "https://registry.npmjs.org/@cloudbase/wx-cloud-client-sdk/-/wx-cloud-client-sdk-1.2.1.tgz",
      "integrity": "sha512-cpV9+xiY6O/7nli+JUu5el0BpV44GEQN2msrHSupc5DEMIdfr78PbZFD/heiq8EpngLGLZiyCsOAfBrGHBtEtA=="
    }
  },
  "dependencies": {
    "@cloudbase/wx-cloud-client-sdk": {
      "version": "1.2.1",
      "resolved": "https://registry.npmjs.org/@cloudbase/wx-cloud-client-sdk/-/wx-cloud-client-sdk-1.2.1.tgz",
      "integrity": "sha512-cpV9+xiY6O/7nli+JUu5el0BpV44GEQN2msrHSupc5DEMIdfr78PbZFD/heiq8EpngLGLZiyCsOAfBrGHBtEtA=="
    }
  }
}
